
Microsoft Visual Studio Solution File, Format Version 12.00
# Visual Studio Version 16
VisualStudioVersion = 16.0.29920.165
MinimumVisualStudioVersion = 10.0.40219.1
Project("{FAE04EC0-301F-11D3-BF4B-00C04F79EFBC}") = "WebApplication1", "WebApplication1.csproj", "{0EC7EB0A-0FF3-478E-8130-45D599A0024C}"
EndProject
Global
	GlobalSection(SolutionConfigurationPlatforms) = preSolution
		Debug|Any CPU = Debug|Any CPU
		Release|Any CPU = Release|Any CPU
	EndGlobalSection
	GlobalSection(ProjectConfigurationPlatforms) = postSolution
		{0EC7EB0A-0FF3-478E-8130-45D599A0024C}.Debug|Any CPU.ActiveCfg = Debug|Any CPU
		{0EC7EB0A-0FF3-478E-8130-45D599A0024C}.Debug|Any CPU.Build.0 = Debug|Any CPU
		{0EC7EB0A-0FF3-478E-8130-45D599A0024C}.Release|Any CPU.ActiveCfg = Release|Any CPU
		{0EC7EB0A-0FF3-478E-8130-45D599A0024C}.Release|Any CPU.Build.0 = Release|Any CPU
	EndGlobalSection
	GlobalSection(SolutionProperties) = preSolution
		HideSolutionNode = FALSE
	EndGlobalSection
	GlobalSection(ExtensibilityGlobals) = postSolution
		SolutionGuid = {AC1F2E8C-F521-42BD-9643-232FFDB18E50}
	EndGlobalSection
EndGlobal
